asgiref==3.12.1
coverage==7.16.1
Django==5.2.17
django-cors-headers==4.9.0
djangorestframework==3.16.1
djangorestframework_simplejwt==5.5.1
gunicorn==23.0.0
hypothesis==6.168.1
iniconfig==2.3.0
Jinja2==3.1.6
MarkupSafe==3.0.3
packaging==26.3
pluggy==1.6.0
psycopg==3.3.6
psycopg-binary==3.3.6
Pygments==2.21.0
PyJWT==2.15.0
pytest==9.1.1
pytest-cov==7.1.0
pytest-django==4.14.0
pytest-html==4.2.0
pytest-metadata==3.1.1
PyYAML==6.0.3
sortedcontainers==2.4.0
sqlparse==0.6.0
typing_extensions==4.16.0
